
Microsoft Visual Studio Solution File, Format Version 12.00
# Visual Studio Version 16
VisualStudioVersion = 16.0.29424.173
MinimumVisualStudioVersion = 10.0.40219.1
Project("{8BC9CEB8-8B4A-11D0-8D11-00A0C91BC942}") = "Server", "Server\Server.vcxproj", "{CB85B8ED-2060-4A47-BFAA-BA079382520F}"
EndProject
Global
	GlobalSection(SolutionConfigurationPlatforms) = preSolution
		Debug|x64 = Debug|x64
		Debug|x86 = Debug|x86
		Release|x64 = Release|x64
		Release|x86 = Release|x86
	EndGlobalSection
	GlobalSection(ProjectConfigurationPlatforms) = postSolution
		{CB85B8ED-2060-4A47-BFAA-BA079382520F}.Debug|x64.ActiveCfg = Debug|x64
		{CB85B8ED-2060-4A47-BFAA-BA079382520F}.Debug|x64.Build.0 = Debug|x64
		{CB85B8ED-2060-4A47-BFAA-BA079382520F}.Debug|x86.ActiveCfg = Debug|Win32
		{CB85B8ED-2060-4A47-BFAA-BA079382520F}.Debug|x86.Build.0 = Debug|Win32
		{CB85B8ED-2060-4A47-BFAA-BA079382520F}.Release|x64.ActiveCfg = Release|x64
		{CB85B8ED-2060-4A47-BFAA-BA079382520F}.Release|x64.Build.0 = Release|x64
		{CB85B8ED-2060-4A47-BFAA-BA079382520F}.Release|x86.ActiveCfg = Release|Win32
		{CB85B8ED-2060-4A47-BFAA-BA079382520F}.Release|x86.Build.0 = Release|Win32
	EndGlobalSection
	GlobalSection(SolutionProperties) = preSolution
		HideSolutionNode = FALSE
	EndGlobalSection
	GlobalSection(ExtensibilityGlobals) = postSolution
		SolutionGuid = {A16CB85D-F178-4821-B4B3-9357AECEFC55}
	EndGlobalSection
EndGlobal
